
Microsoft Visual Studio Solution File, Format Version 12.00
# Visual Studio Version 17
VisualStudioVersion = 17.0.31912.275
MinimumVisualStudioVersion = 10.0.40219.1
Project("{FAE04EC0-301F-11D3-BF4B-00C04F79EFBC}") = "SampleDemo", "SampleDemo\SampleDemo.csproj", "{B11A7A83-24DF-40D1-9BCC-3A27D24C4C96}"
EndProject
Global
	GlobalSection(SolutionConfigurationPlatforms) = preSolution
		Debug|Any CPU = Debug|Any CPU
		Release|Any CPU = Release|Any CPU
	EndGlobalSection
	GlobalSection(ProjectConfigurationPlatforms) = postSolution
		{B11A7A83-24DF-40D1-9BCC-3A27D24C4C96}.Debug|Any CPU.ActiveCfg = Debug|Any CPU
		{B11A7A83-24DF-40D1-9BCC-3A27D24C4C96}.Debug|Any CPU.Build.0 = Debug|Any CPU
		{B11A7A83-24DF-40D1-9BCC-3A27D24C4C96}.Release|Any CPU.ActiveCfg = Release|Any CPU
		{B11A7A83-24DF-40D1-9BCC-3A27D24C4C96}.Release|Any CPU.Build.0 = Release|Any CPU
	EndGlobalSection
	GlobalSection(SolutionProperties) = preSolution
		HideSolutionNode = FALSE
	EndGlobalSection
	GlobalSection(ExtensibilityGlobals) = postSolution
		SolutionGuid = {510BCCB5-F19D-4FB7-9E83-FC5A757E82F0}
	EndGlobalSection
EndGlobal
